
Microsoft Visual Studio Solution File, Format Version 12.00
# Visual Studio Version 17
VisualStudioVersion = 17.10.35122.118
MinimumVisualStudioVersion = 10.0.40219.1
Project("{FAE04EC0-301F-11D3-BF4B-00C04F79EFBC}") = "Store", "Store\Store.csproj", "{530B45BA-BA4C-4F7F-8829-F013D2191A12}"
EndProject
Project("{FAE04EC0-301F-11D3-BF4B-00C04F79EFBC}") = "BLL", "BLL\BLL.csproj", "{6354912A-8422-45D1-B501-D30148622945}"
EndProject
Project("{FAE04EC0-301F-11D3-BF4B-00C04F79EFBC}") = "DTO", "DTO\DTO.csproj", "{25E6216A-0491-483A-8CA5-1788E042943F}"
EndProject
Project("{FAE04EC0-301F-11D3-BF4B-00C04F79EFBC}") = "DAO", "DAO\DAO.csproj", "{27BC6192-1544-49CB-881B-1EA31F347035}"
EndProject
Global
	GlobalSection(SolutionConfigurationPlatforms) = preSolution
		Debug|Any CPU = Debug|Any CPU
		Release|Any CPU = Release|Any CPU
	EndGlobalSection
	GlobalSection(ProjectConfigurationPlatforms) = postSolution
		{530B45BA-BA4C-4F7F-8829-F013D2191A12}.Debug|Any CPU.ActiveCfg = Debug|Any CPU
		{530B45BA-BA4C-4F7F-8829-F013D2191A12}.Debug|Any CPU.Build.0 = Debug|Any CPU
		{530B45BA-BA4C-4F7F-8829-F013D2191A12}.Release|Any CPU.ActiveCfg = Release|Any CPU
		{530B45BA-BA4C-4F7F-8829-F013D2191A12}.Release|Any CPU.Build.0 = Release|Any CPU
		{6354912A-8422-45D1-B501-D30148622945}.Debug|Any CPU.ActiveCfg = Debug|Any CPU
		{6354912A-8422-45D1-B501-D30148622945}.Debug|Any CPU.Build.0 = Debug|Any CPU
		{6354912A-8422-45D1-B501-D30148622945}.Release|Any CPU.ActiveCfg = Release|Any CPU
		{6354912A-8422-45D1-B501-D30148622945}.Release|Any CPU.Build.0 = Release|Any CPU
		{25E6216A-0491-483A-8CA5-1788E042943F}.Debug|Any CPU.ActiveCfg = Debug|Any CPU
		{25E6216A-0491-483A-8CA5-1788E042943F}.Debug|Any CPU.Build.0 = Debug|Any CPU
		{25E6216A-0491-483A-8CA5-1788E042943F}.Release|Any CPU.ActiveCfg = Release|Any CPU
		{25E6216A-0491-483A-8CA5-1788E042943F}.Release|Any CPU.Build.0 = Release|Any CPU
		{27BC6192-1544-49CB-881B-1EA31F347035}.Debug|Any CPU.ActiveCfg = Debug|Any CPU
		{27BC6192-1544-49CB-881B-1EA31F347035}.Debug|Any CPU.Build.0 = Debug|Any CPU
		{27BC6192-1544-49CB-881B-1EA31F347035}.Release|Any CPU.ActiveCfg = Release|Any CPU
		{27BC6192-1544-49CB-881B-1EA31F347035}.Release|Any CPU.Build.0 = Release|Any CPU
	EndGlobalSection
	GlobalSection(SolutionProperties) = preSolution
		HideSolutionNode = FALSE
	EndGlobalSection
	GlobalSection(ExtensibilityGlobals) = postSolution
		SolutionGuid = {5E73D63E-1F63-4531-BFCE-879F8BA1BFD6}
	EndGlobalSection
EndGlobal
